
Microsoft Visual Studio Solution File, Format Version 12.00
# Visual Studio 2013
VisualStudioVersion = 12.0.31101.0
MinimumVisualStudioVersion = 10.0.40219.1
Project("{2150E333-8FDC-42A3-9474-1A3956D46DE8}") = "Documentation", "Documentation", "{C2448C9A-2E1A-4000-8609-A8FC6EE61B9B}"
	ProjectSection(SolutionItems) = preProject
		SqlQueries.sql = SqlQueries.sql
		SqlQueries_2.sql = SqlQueries_2.sql
	EndProjectSection
EndProject
Project("{2150E333-8FDC-42A3-9474-1A3956D46DE8}") = "SqlEnums", "SqlEnums", "{BAA6FB46-4570-460E-AD2C-8155203172E9}"
	ProjectSection(SolutionItems) = preProject
		SqlEnums\SqlEnums.exe = SqlEnums\SqlEnums.exe
		SqlEnums\SqlEnums.exe.config = SqlEnums\SqlEnums.exe.config
		SqlEnums\SqlEnums.master.dll = SqlEnums\SqlEnums.master.dll
		SqlEnums\SqlEnums.msdb.dll = SqlEnums\SqlEnums.msdb.dll
		SqlEnums\SqlEnums.tempdb.dll = SqlEnums\SqlEnums.tempdb.dll
	EndProjectSection
EndProject
Project("{FAE04EC0-301F-11D3-BF4B-00C04F79EFBC}") = "Tests", "Tests\Tests.csproj", "{87CAAD1D-888F-497B-B8DA-70BE08933AC8}"
EndProject
Project("{FAE04EC0-301F-11D3-BF4B-00C04F79EFBC}") = "Sql Auto Data Discovery.Business", "Sql Auto Data Discovery.Business\Sql Auto Data Discovery.Business.csproj", "{2B9270B0-9A57-4A2B-86C9-AB8D65312405}"
EndProject
Project("{FAE04EC0-301F-11D3-BF4B-00C04F79EFBC}") = "Sql Auto Data Discovery.WebApplication", "Sql Auto Data Discovery.WebApplication\Sql Auto Data Discovery.WebApplication.csproj", "{155C739D-96AA-4E26-8CE3-70CF56B8F04A}"
EndProject
Global
	GlobalSection(SolutionConfigurationPlatforms) = preSolution
		Debug|Any CPU = Debug|Any CPU
		Release|Any CPU = Release|Any CPU
	EndGlobalSection
	GlobalSection(ProjectConfigurationPlatforms) = postSolution
		{87CAAD1D-888F-497B-B8DA-70BE08933AC8}.Debug|Any CPU.ActiveCfg = Debug|Any CPU
		{87CAAD1D-888F-497B-B8DA-70BE08933AC8}.Debug|Any CPU.Build.0 = Debug|Any CPU
		{87CAAD1D-888F-497B-B8DA-70BE08933AC8}.Release|Any CPU.ActiveCfg = Release|Any CPU
		{87CAAD1D-888F-497B-B8DA-70BE08933AC8}.Release|Any CPU.Build.0 = Release|Any CPU
		{2B9270B0-9A57-4A2B-86C9-AB8D65312405}.Debug|Any CPU.ActiveCfg = Debug|Any CPU
		{2B9270B0-9A57-4A2B-86C9-AB8D65312405}.Debug|Any CPU.Build.0 = Debug|Any CPU
		{2B9270B0-9A57-4A2B-86C9-AB8D65312405}.Release|Any CPU.ActiveCfg = Release|Any CPU
		{2B9270B0-9A57-4A2B-86C9-AB8D65312405}.Release|Any CPU.Build.0 = Release|Any CPU
		{155C739D-96AA-4E26-8CE3-70CF56B8F04A}.Debug|Any CPU.ActiveCfg = Debug|Any CPU
		{155C739D-96AA-4E26-8CE3-70CF56B8F04A}.Debug|Any CPU.Build.0 = Debug|Any CPU
		{155C739D-96AA-4E26-8CE3-70CF56B8F04A}.Release|Any CPU.ActiveCfg = Release|Any CPU
		{155C739D-96AA-4E26-8CE3-70CF56B8F04A}.Release|Any CPU.Build.0 = Release|Any CPU
	EndGlobalSection
	GlobalSection(SolutionProperties) = preSolution
		HideSolutionNode = FALSE
	EndGlobalSection
EndGlobal
